{
  "requires": true,
  "lockfileVersion": 1,
  "dependencies": {
    "@types/d3": {
      "version": "3.5.47",
      "resolved": "https://registry.npmjs.org/@types/d3/-/d3-3.5.47.tgz",
      "integrity": "sha512-VkWIQoZXLFdcBGe5pdBKJmTU3fmpXvo/KV6ixvTzOMl1yJ2hbTXpfvsziag0kcaerPDwas2T0vxojwQG3YwivQ=="
    },
    "@types/d3-cloud": {
      "version": "1.2.5",
      "resolved": "https://registry.npmjs.org/@types/d3-cloud/-/d3-cloud-1.2.5.tgz",
      "integrity": "sha512-vEIER9DsEBUOdpRiwCh3n1qE+cV6h4e1LhxhY2sLt+m8LPNAIkOOhTlqk0JDiBwD+ZPM8ynFAOU3AuPuVYBFBA==",
      "requires": {
        "@types/d3": "^3"
      }
    },
    "chart.js": {
      "version": "3.7.1",
      "resolved": "https://registry.npmjs.org/chart.js/-/chart.js-3.7.1.tgz",
      "integrity": "sha512-8knRegQLFnPQAheZV8MjxIXc5gQEfDFD897BJgv/klO/vtIyFFmgMXrNfgrXpbTr/XbTturxRgxIXx/Y+ASJBA=="
    },
    "chartjs-chart-wordcloud": {
      "version": "3.7.0",
      "resolved": "https://registry.npmjs.org/chartjs-chart-wordcloud/-/chartjs-chart-wordcloud-3.7.0.tgz",
      "integrity": "sha512-7LxEmbFoo94zwIAP2VIsQKaeCC0l+RaxagaxyeNQAY4mvLVY9AnbdLNIyC3hlCycezzT4Za8K7Gwoyc42CURtg==",
      "requires": {
        "@types/d3-cloud": "^1.2.5",
        "d3-cloud": "^1.2.5"
      }
    },
    "d3-cloud": {
      "version": "1.2.5",
      "resolved": "https://registry.npmjs.org/d3-cloud/-/d3-cloud-1.2.5.tgz",
      "integrity": "sha512-4s2hXZgvs0CoUIw31oBAGrHt9Kt/7P9Ik5HIVzISFiWkD0Ga2VLAuO/emO/z1tYIpE7KG2smB4PhMPfFMJpahw==",
      "requires": {
        "d3-dispatch": "^1.0.3"
      }
    },
    "d3-dispatch": {
      "version": "1.0.6",
      "resolved": "https://registry.npmjs.org/d3-dispatch/-/d3-dispatch-1.0.6.tgz",
      "integrity": "sha512-fVjoElzjhCEy+Hbn8KygnmMS7Or0a9sI2UzGwoB7cCtvI1XpVN9GpoYlnb3xt2YV66oXYb1fLJ8GMvP4hdU1RA=="
    },
    "lodash-es": {
      "version": "4.17.21",
      "resolved": "https://registry.npmjs.org/lodash-es/-/lodash-es-4.17.21.tgz",
      "integrity": "sha512-mKnC+QJ9pWVzv+C4/U3rRsHapFfHvQFoFB92e52xeyGMcX6/OlIl78je1u8vePzYZSkkogMPJ2yjxxsb89cxyw=="
    },
    "ng2-charts": {
      "version": "3.0.8",
      "resolved": "https://registry.npmjs.org/ng2-charts/-/ng2-charts-3.0.8.tgz",
      "integrity": "sha512-ELlpN0b/IJO4ka/P2sFBKeng3bV7XOQuh40f0J5hx9UveWPaSxOYQAOiGxV7BN2VSnKq6GRkjRvqTrcQPyJYww==",
      "requires": {
        "lodash-es": "^4.17.15",
        "tslib": "^2.3.0"
      }
    },
    "tslib": {
      "version": "2.3.1",
      "resolved": "https://registry.npmjs.org/tslib/-/tslib-2.3.1.tgz",
      "integrity": "sha512-77EbyPPpMz+FRFRuAFlWMtmgUWGe9UOG2Z25NqCwiIjRhOf5iKGuzSe5P2w1laq+FkRy4p+PCuVkJSGkzTEKVw=="
    }
  }
}
